// !$*UTF8*$!
{
	archiveVersion = 1;
	classes = {
	};
	objectVersion = 46;
	objects = {

/* Begin PBXBuildFile section */
		DA52AC091F64AEF800B0210B /* Extentions.swift in Sources */ = {isa = PBXBuildFile; fileRef = DA52AC081F64AEF800B0210B /* Extentions.swift */; };
		DA52AC0D1F64AFE300B0210B /* VideoCell.swift in Sources */ = {isa = PBXBuildFile; fileRef = DA52AC0C1F64AFE300B0210B /* VideoCell.swift */; };
		DA52AC0F1F64B52F00B0210B /* MenuBar.swift in Sources */ = {isa = PBXBuildFile; fileRef = DA52AC0E1F64B52F00B0210B /* MenuBar.swift */; };
		DAFCE3D61F6374AC00FB9651 /* AppDelegate.swift in Sources */ = {isa = PBXBuildFile; fileRef = DAFCE3D51F6374AC00FB9651 /* AppDelegate.swift */; };
		DAFCE3D81F6374AC00FB9651 /* HomeController.swift in Sources */ = {isa = PBXBuildFile; fileRef = DAFCE3D71F6374AC00FB9651 /* HomeController.swift */; };
		DAFCE3DB1F6374AC00FB9651 /* Main.storyboard in Resources */ = {isa = PBXBuildFile; fileRef = DAFCE3D91F6374AC00FB9651 /* Main.storyboard */; };
		DAFCE3DD1F6374AC00FB9651 /* Assets.xcassets in Resources */ = {isa = PBXBuildFile; fileRef = DAFCE3DC1F6374AC00FB9651 /* Assets.xcassets */; };
		DAFCE3E01F6374AC00FB9651 /* LaunchScreen.storyboard in Resources */ = {isa = PBXBuildFile; fileRef = DAFCE3DE1F6374AC00FB9651 /* LaunchScreen.storyboard */; };
/* End PBXBuildFile section */

/* Begin PBXFileReference section */
		DA52AC081F64AEF800B0210B /* Extentions.swift */ = {isa = PBXFileReference; fileEncoding = 4; lastKnownFileType = sourcecode.swift; path = Extentions.swift; sourceTree = "<group>"; };
		DA52AC0C1F64AFE300B0210B /* VideoCell.swift */ = {isa = PBXFileReference; fileEncoding = 4; lastKnownFileType = sourcecode.swift; path = VideoCell.swift; sourceTree = "<group>"; };
		DA52AC0E1F64B52F00B0210B /* MenuBar.swift */ = {isa = PBXFileReference; fileEncoding = 4; lastKnownFileType = sourcecode.swift; path = MenuBar.swift; sourceTree = "<group>"; };
		DAFCE3D21F6374AC00FB9651 /* swift_myyoutube.app */ = {isa = PBXFileReference; explicitFileType = wrapper.application; includeInIndex = 0; path = swift_myyoutube.app; sourceTree = BUILT_PRODUCTS_DIR; };
		DAFCE3D51F6374AC00FB9651 /* AppDelegate.swift */ = {isa = PBXFileReference; lastKnownFileType = sourcecode.swift; path = AppDelegate.swift; sourceTree = "<group>"; };
		DAFCE3D71F6374AC00FB9651 /* HomeController.swift */ = {isa = PBXFileReference; lastKnownFileType = sourcecode.swift; path = HomeController.swift; sourceTree = "<group>"; };
		DAFCE3DA1F6374AC00FB9651 /* Base */ = {isa = PBXFileReference; lastKnownFileType = file.storyboard; name = Base; path = Base.lproj/Main.storyboard; sourceTree = "<group>"; };
		DAFCE3DC1F6374AC00FB9651 /* Assets.xcassets */ = {isa = PBXFileReference; lastKnownFileType = folder.assetcatalog; path = Assets.xcassets; sourceTree = "<group>"; };
		DAFCE3DF1F6374AC00FB9651 /* Base */ = {isa = PBXFileReference; lastKnownFileType = file.storyboard; name = Base; path = Base.lproj/LaunchScreen.storyboard; sourceTree = "<group>"; };
		DAFCE3E11F6374AC00FB9651 /* Info.plist */ = {isa = PBXFileReference; lastKnownFileType = text.plist.xml; path = Info.plist; sourceTree = "<group>"; };
/* End PBXFileReference section */

/* Begin PBXFrameworksBuildPhase section */
		DAFCE3CF1F6374AC00FB9651 /* Frameworks */ = {
			isa = PBXFrameworksBuildPhase;
			buildActionMask = 2147483647;
			files = (
			);
			runOnlyForDeploymentPostprocessing = 0;
		};
/* End PBXFrameworksBuildPhase section */

/* Begin PBXGroup section */
		DA52AC071F64AEC200B0210B /* Helpers */ = {
			isa = PBXGroup;
			children = (
				DA52AC081F64AEF800B0210B /* Extentions.swift */,
			);
			name = Helpers;
			sourceTree = "<group>";
		};
		DA52AC0A1F64AFC000B0210B /* Controller */ = {
			isa = PBXGroup;
			children = (
				DAFCE3D71F6374AC00FB9651 /* HomeController.swift */,
			);
			name = Controller;
			sourceTree = "<group>";
		};
		DA52AC0B1F64AFCB00B0210B /* View */ = {
			isa = PBXGroup;
			children = (
				DA52AC0C1F64AFE300B0210B /* VideoCell.swift */,
				DA52AC0E1F64B52F00B0210B /* MenuBar.swift */,
			);
			name = View;
			sourceTree = "<group>";
		};
		DAFCE3C91F6374AC00FB9651 = {
			isa = PBXGroup;
			children = (
				DAFCE3D41F6374AC00FB9651 /* swift_myyoutube */,
				DAFCE3D31F6374AC00FB9651 /* Products */,
			);
			sourceTree = "<group>";
		};
		DAFCE3D31F6374AC00FB9651 /* Products */ = {
			isa = PBXGroup;
			children = (
				DAFCE3D21F6374AC00FB9651 /* swift_myyoutube.app */,
			);
			name = Products;
			sourceTree = "<group>";
		};
		DAFCE3D41F6374AC00FB9651 /* swift_myyoutube */ = {
			isa = PBXGroup;
			children = (
				DA52AC0B1F64AFCB00B0210B /* View */,
				DA52AC0A1F64AFC000B0210B /* Controller */,
				DA52AC071F64AEC200B0210B /* Helpers */,
				DAFCE3D51F6374AC00FB9651 /* AppDelegate.swift */,
				DAFCE3D91F6374AC00FB9651 /* Main.storyboard */,
				DAFCE3DC1F6374AC00FB9651 /* Assets.xcassets */,
				DAFCE3DE1F6374AC00FB9651 /* LaunchScreen.storyboard */,
				DAFCE3E11F6374AC00FB9651 /* Info.plist */,
			);
			name = swift_myyoutube;
			path = swift_youtube;
			sourceTree = "<group>";
		};
/* End PBXGroup section */

/* Begin PBXNativeTarget section */
		DAFCE3D11F6374AC00FB9651 /* swift_myyoutube */ = {
			isa = PBXNativeTarget;
			buildConfigurationList = DAFCE3E41F6374AC00FB9651 /* Build configuration list for PBXNativeTarget "swift_myyoutube" */;
			buildPhases = (
				DAFCE3CE1F6374AC00FB9651 /* Sources */,
				DAFCE3CF1F6374AC00FB9651 /* Frameworks */,
				DAFCE3D01F6374AC00FB9651 /* Resources */,
			);
			buildRules = (
			);
			dependencies = (
			);
			name = swift_myyoutube;
			productName = swift_youtube;
			productReference = DAFCE3D21F6374AC00FB9651 /* swift_myyoutube.app */;
			productType = "com.apple.product-type.application";
		};
/* End PBXNativeTarget section */

/* Begin PBXProject section */
		DAFCE3CA1F6374AC00FB9651 /* Project object */ = {
			isa = PBXProject;
			attributes = {
				LastSwiftUpdateCheck = 0830;
				LastUpgradeCheck = 0830;
				ORGANIZATIONNAME = "Paul Dong";
				TargetAttributes = {
					DAFCE3D11F6374AC00FB9651 = {
						CreatedOnToolsVersion = 8.3.3;
						DevelopmentTeam = SPQJBCM3BQ;
						LastSwiftMigration = 0830;
						ProvisioningStyle = Automatic;
					};
				};
			};
			buildConfigurationList = DAFCE3CD1F6374AC00FB9651 /* Build configuration list for PBXProject "swift_myyoutube" */;
			compatibilityVersion = "Xcode 3.2";
			developmentRegion = English;
			hasScannedForEncodings = 0;
			knownRegions = (
				en,
				Base,
			);
			mainGroup = DAFCE3C91F6374AC00FB9651;
			productRefGroup = DAFCE3D31F6374AC00FB9651 /* Products */;
			projectDirPath = "";
			projectRoot = "";
			targets = (
				DAFCE3D11F6374AC00FB9651 /* swift_myyoutube */,
			);
		};
/* End PBXProject section */

/* Begin PBXResourcesBuildPhase section */
		DAFCE3D01F6374AC00FB9651 /* Resources */ = {
			isa = PBXResourcesBuildPhase;
			buildActionMask = 2147483647;
			files = (
				DAFCE3E01F6374AC00FB9651 /* LaunchScreen.storyboard in Resources */,
				DAFCE3DD1F6374AC00FB9651 /* Assets.xcassets in Resources */,
				DAFCE3DB1F6374AC00FB9651 /* Main.storyboard in Resources */,
			);
			runOnlyForDeploymentPostprocessing = 0;
		};
/* End PBXResourcesBuildPhase section */

/* Begin PBXSourcesBuildPhase section */
		DAFCE3CE1F6374AC00FB9651 /* Sources */ = {
			isa = PBXSourcesBuildPhase;
			buildActionMask = 2147483647;
			files = (
				DAFCE3D81F6374AC00FB9651 /* HomeController.swift in Sources */,
				DA52AC0D1F64AFE300B0210B /* VideoCell.swift in Sources */,
				DAFCE3D61F6374AC00FB9651 /* AppDelegate.swift in Sources */,
				DA52AC091F64AEF800B0210B /* Extentions.swift in Sources */,
				DA52AC0F1F64B52F00B0210B /* MenuBar.swift in Sources */,
			);
			runOnlyForDeploymentPostprocessing = 0;
		};
/* End PBXSourcesBuildPhase section */

/* Begin PBXVariantGroup section */
		DAFCE3D91F6374AC00FB9651 /* Main.storyboard */ = {
			isa = PBXVariantGroup;
			children = (
				DAFCE3DA1F6374AC00FB9651 /* Base */,
			);
			name = Main.storyboard;
			sourceTree = "<group>";
		};
		DAFCE3DE1F6374AC00FB9651 /* LaunchScreen.storyboard */ = {
			isa = PBXVariantGroup;
			children = (
				DAFCE3DF1F6374AC00FB9651 /* Base */,
			);
			name = LaunchScreen.storyboard;
			sourceTree = "<group>";
		};
/* End PBXVariantGroup section */

/* Begin XCBuildConfiguration section */
		DAFCE3E21F6374AC00FB9651 /* Debug */ = {
			isa = XCBuildConfiguration;
			buildSettings = {
				ALWAYS_SEARCH_USER_PATHS = NO;
				CLANG_ANALYZER_NONNULL = YES;
				CLANG_ANALYZER_NUMBER_OBJECT_CONVERSION = YES_AGGRESSIVE;
				CLANG_CXX_LANGUAGE_STANDARD = "gnu++0x";
				CLANG_CXX_LIBRARY = "libc++";
				CLANG_ENABLE_MODULES = YES;
				CLANG_ENABLE_OBJC_ARC = YES;
				CLANG_WARN_BOOL_CONVERSION = YES;
				CLANG_WARN_CONSTANT_CONVERSION = YES;
				CLANG_WARN_DIRECT_OBJC_ISA_USAGE = YES_ERROR;
				CLANG_WARN_DOCUMENTATION_COMMENTS = YES;
				CLANG_WARN_EMPTY_BODY = YES;
				CLANG_WARN_ENUM_CONVERSION = YES;
				CLANG_WARN_INFINITE_RECURSION = YES;
				CLANG_WARN_INT_CONVERSION = YES;
				CLANG_WARN_OBJC_ROOT_CLASS = YES_ERROR;
				CLANG_WARN_SUSPICIOUS_MOVE = YES;
				CLANG_WARN_UNREACHABLE_CODE = YES;
				CLANG_WARN__DUPLICATE_METHOD_MATCH = YES;
				"CODE_SIGN_IDENTITY[sdk=iphoneos*]" = "iPhone Developer";
				COPY_PHASE_STRIP = NO;
				DEBUG_INFORMATION_FORMAT = dwarf;
				ENABLE_STRICT_OBJC_MSGSEND = YES;
				ENABLE_TESTABILITY = YES;
				GCC_C_LANGUAGE_STANDARD = gnu99;
				GCC_DYNAMIC_NO_PIC = NO;
				GCC_NO_COMMON_BLOCKS = YES;
				GCC_OPTIMIZATION_LEVEL = 0;
				GCC_PREPROCESSOR_DEFINITIONS = (
					"DEBUG=1",
					"$(inherited)",
				);
				GCC_WARN_64_TO_32_BIT_CONVERSION = YES;
				GCC_WARN_ABOUT_RETURN_TYPE = YES_ERROR;
				GCC_WARN_UNDECLARED_SELECTOR = YES;
				GCC_WARN_UNINITIALIZED_AUTOS = YES_AGGRESSIVE;
				GCC_WARN_UNUSED_FUNCTION = YES;
				GCC_WARN_UNUSED_VARIABLE = YES;
				IPHONEOS_DEPLOYMENT_TARGET = 10.3;
				MTL_ENABLE_DEBUG_INFO = YES;
				ONLY_ACTIVE_ARCH = YES;
				SDKROOT = iphoneos;
				SWIFT_ACTIVE_COMPILATION_CONDITIONS = DEBUG;
				SWIFT_OPTIMIZATION_LEVEL = "-Onone";
			};
			name = Debug;
		};
		DAFCE3E31F6374AC00FB9651 /* Release */ = {
			isa = XCBuildConfiguration;
			buildSettings = {
				ALWAYS_SEARCH_USER_PATHS = NO;
				CLANG_ANALYZER_NONNULL = YES;
				CLANG_ANALYZER_NUMBER_OBJECT_CONVERSION = YES_AGGRESSIVE;
				CLANG_CXX_LANGUAGE_STANDARD = "gnu++0x";
				CLANG_CXX_LIBRARY = "libc++";
				CLANG_ENABLE_MODULES = YES;
				CLANG_ENABLE_OBJC_ARC = YES;
				CLANG_WARN_BOOL_CONVERSION = YES;
				CLANG_WARN_CONSTANT_CONVERSION = YES;
				CLANG_WARN_DIRECT_OBJC_ISA_USAGE = YES_ERROR;
				CLANG_WARN_DOCUMENTATION_COMMENTS = YES;
				CLANG_WARN_EMPTY_BODY = YES;
				CLANG_WARN_ENUM_CONVERSION = YES;
				CLANG_WARN_INFINITE_RECURSION = YES;
				CLANG_WARN_INT_CONVERSION = YES;
				CLANG_WARN_OBJC_ROOT_CLASS = YES_ERROR;
				CLANG_WARN_SUSPICIOUS_MOVE = YES;
				CLANG_WARN_UNREACHABLE_CODE = YES;
				CLANG_WARN__DUPLICATE_METHOD_MATCH = YES;
				"CODE_SIGN_IDENTITY[sdk=iphoneos*]" = "iPhone Developer";
				COPY_PHASE_STRIP = NO;
				DEBUG_INFORMATION_FORMAT = "dwarf-with-dsym";
				ENABLE_NS_ASSERTIONS = NO;
				ENABLE_STRICT_OBJC_MSGSEND = YES;
				GCC_C_LANGUAGE_STANDARD = gnu99;
				GCC_NO_COMMON_BLOCKS = YES;
				GCC_WARN_64_TO_32_BIT_CONVERSION = YES;
				GCC_WARN_ABOUT_RETURN_TYPE = YES_ERROR;
				GCC_WARN_UNDECLARED_SELECTOR = YES;
				GCC_WARN_UNINITIALIZED_AUTOS = YES_AGGRESSIVE;
				GCC_WARN_UNUSED_FUNCTION = YES;
				GCC_WARN_UNUSED_VARIABLE = YES;
				IPHONEOS_DEPLOYMENT_TARGET = 10.3;
				MTL_ENABLE_DEBUG_INFO = NO;
				SDKROOT = iphoneos;
				SWIFT_OPTIMIZATION_LEVEL = "-Owholemodule";
				VALIDATE_PRODUCT = YES;
			};
			name = Release;
		};
		DAFCE3E51F6374AC00FB9651 /* Debug */ = {
			isa = XCBuildConfiguration;
			buildSettings = {
				ASSETCATALOG_COMPILER_APPICON_NAME = AppIcon;
				DEVELOPMENT_TEAM = SPQJBCM3BQ;
				INFOPLIST_FILE = swift_youtube/Info.plist;
				LD_RUNPATH_SEARCH_PATHS = "$(inherited) @executable_path/Frameworks";
				PRODUCT_BUNDLE_IDENTIFIER = "com.podongchina.youtube.swift-youtube";
				PRODUCT_NAME = "$(TARGET_NAME)";
				SWIFT_VERSION = 3.0;
			};
			name = Debug;
		};
		DAFCE3E61F6374AC00FB9651 /* Release */ = {
			isa = XCBuildConfiguration;
			buildSettings = {
				ASSETCATALOG_COMPILER_APPICON_NAME = AppIcon;
				DEVELOPMENT_TEAM = SPQJBCM3BQ;
				INFOPLIST_FILE = swift_youtube/Info.plist;
				LD_RUNPATH_SEARCH_PATHS = "$(inherited) @executable_path/Frameworks";
				PRODUCT_BUNDLE_IDENTIFIER = "com.podongchina.youtube.swift-youtube";
				PRODUCT_NAME = "$(TARGET_NAME)";
				SWIFT_VERSION = 3.0;
			};
			name = Release;
		};
/* End XCBuildConfiguration section */

/* Begin XCConfigurationList section */
		DAFCE3CD1F6374AC00FB9651 /* Build configuration list for PBXProject "swift_myyoutube" */ = {
			isa = XCConfigurationList;
			buildConfigurations = (
				DAFCE3E21F6374AC00FB9651 /* Debug */,
				DAFCE3E31F6374AC00FB9651 /* Release */,
			);
			defaultConfigurationIsVisible = 0;
			defaultConfigurationName = Release;
		};
		DAFCE3E41F6374AC00FB9651 /* Build configuration list for PBXNativeTarget "swift_myyoutube" */ = {
			isa = XCConfigurationList;
			buildConfigurations = (
				DAFCE3E51F6374AC00FB9651 /* Debug */,
				DAFCE3E61F6374AC00FB9651 /* Release */,
			);
			defaultConfigurationIsVisible = 0;
			defaultConfigurationName = Release;
		};
/* End XCConfigurationList section */
	};
	rootObject = DAFCE3CA1F6374AC00FB9651 /* Project object */;
}
